
Microsoft Visual Studio Solution File, Format Version 12.00
# Visual Studio Version 17
VisualStudioVersion = 17.6.33815.320
MinimumVisualStudioVersion = 10.0.40219.1
Project("{8BC9CEB8-8B4A-11D0-8D11-00A0C91BC942}") = "Complexity_BigO", "Complexity_BigO.vcxproj", "{A5D6BAD3-3CBC-4BDA-A6FE-E6F138933518}"
EndProject
Global
	GlobalSection(SolutionConfigurationPlatforms) = preSolution
		Debug|x64 = Debug|x64
		Debug|x86 = Debug|x86
		Release|x64 = Release|x64
		Release|x86 = Release|x86
	EndGlobalSection
	GlobalSection(ProjectConfigurationPlatforms) = postSolution
		{A5D6BAD3-3CBC-4BDA-A6FE-E6F138933518}.Debug|x64.ActiveCfg = Debug|x64
		{A5D6BAD3-3CBC-4BDA-A6FE-E6F138933518}.Debug|x64.Build.0 = Debug|x64
		{A5D6BAD3-3CBC-4BDA-A6FE-E6F138933518}.Debug|x86.ActiveCfg = Debug|Win32
		{A5D6BAD3-3CBC-4BDA-A6FE-E6F138933518}.Debug|x86.Build.0 = Debug|Win32
		{A5D6BAD3-3CBC-4BDA-A6FE-E6F138933518}.Release|x64.ActiveCfg = Release|x64
		{A5D6BAD3-3CBC-4BDA-A6FE-E6F138933518}.Release|x64.Build.0 = Release|x64
		{A5D6BAD3-3CBC-4BDA-A6FE-E6F138933518}.Release|x86.ActiveCfg = Release|Win32
		{A5D6BAD3-3CBC-4BDA-A6FE-E6F138933518}.Release|x86.Build.0 = Release|Win32
	EndGlobalSection
	GlobalSection(SolutionProperties) = preSolution
		HideSolutionNode = FALSE
	EndGlobalSection
	GlobalSection(ExtensibilityGlobals) = postSolution
		SolutionGuid = {560C7373-AFA2-4EB2-8D02-8B94B0689A53}
	EndGlobalSection
EndGlobal
